// !$*UTF8*$!
{
	archiveVersion = 1;
	classes = {
	};
	objectVersion = 46;
	objects = {

/* Begin PBXBuildFile section */
		D2359A571AFCA94F001D8E44 /* AppDelegate.m in Sources */ = {isa = PBXBuildFile; fileRef = D2359A561AFCA94F001D8E44 /* AppDelegate.m */; };
		D2359A591AFCA94F001D8E44 /* main.m in Sources */ = {isa = PBXBuildFile; fileRef = D2359A581AFCA94F001D8E44 /* main.m */; };
		D2359A5B1AFCA94F001D8E44 /* Images.xcassets in Resources */ = {isa = PBXBuildFile; fileRef = D2359A5A1AFCA94F001D8E44 /* Images.xcassets */; };
		D2359A5E1AFCA94F001D8E44 /* MainMenu.xib in Resources */ = {isa = PBXBuildFile; fileRef = D2359A5C1AFCA94F001D8E44 /* MainMenu.xib */; };
		D2359A6A1AFCA94F001D8E44 /* TableViewExportTests.m in Sources */ = {isa = PBXBuildFile; fileRef = D2359A691AFCA94F001D8E44 /* TableViewExportTests.m */; };
		D2359A771AFE0274001D8E44 /* MainViewController.m in Sources */ = {isa = PBXBuildFile; fileRef = D2359A761AFE0274001D8E44 /* MainViewController.m */; };
		D2359A7A1AFE06B4001D8E44 /* TableViewDataSource.m in Sources */ = {isa = PBXBuildFile; fileRef = D2359A791AFE06B3001D8E44 /* TableViewDataSource.m */; };
		D2359A7D1AFE09D9001D8E44 /* ExportMenu.m in Sources */ = {isa = PBXBuildFile; fileRef = D2359A7C1AFE09D9001D8E44 /* ExportMenu.m */; };
/* End PBXBuildFile section */

/* Begin PBXContainerItemProxy section */
		D2359A641AFCA94F001D8E44 /* PBXContainerItemProxy */ = {
			isa = PBXContainerItemProxy;
			containerPortal = D2359A481AFCA94F001D8E44 /* Project object */;
			proxyType = 1;
			remoteGlobalIDString = D2359A4F1AFCA94F001D8E44;
			remoteInfo = TableViewExport;
		};
/* End PBXContainerItemProxy section */

/* Begin PBXFileReference section */
		D2359A501AFCA94F001D8E44 /* TableViewExport.app */ = {isa = PBXFileReference; explicitFileType = wrapper.application; includeInIndex = 0; path = TableViewExport.app; sourceTree = BUILT_PRODUCTS_DIR; };
		D2359A541AFCA94F001D8E44 /* Info.plist */ = {isa = PBXFileReference; lastKnownFileType = text.plist.xml; path = Info.plist; sourceTree = "<group>"; };
		D2359A551AFCA94F001D8E44 /* AppDelegate.h */ = {isa = PBXFileReference; lastKnownFileType = sourcecode.c.h; path = AppDelegate.h; sourceTree = "<group>"; };
		D2359A561AFCA94F001D8E44 /* AppDelegate.m */ = {isa = PBXFileReference; lastKnownFileType = sourcecode.c.objc; path = AppDelegate.m; sourceTree = "<group>"; };
		D2359A581AFCA94F001D8E44 /* main.m */ = {isa = PBXFileReference; lastKnownFileType = sourcecode.c.objc; path = main.m; sourceTree = "<group>"; };
		D2359A5A1AFCA94F001D8E44 /* Images.xcassets */ = {isa = PBXFileReference; lastKnownFileType = folder.assetcatalog; path = Images.xcassets; sourceTree = "<group>"; };
		D2359A5D1AFCA94F001D8E44 /* Base */ = {isa = PBXFileReference; lastKnownFileType = file.xib; name = Base; path = Base.lproj/MainMenu.xib; sourceTree = "<group>"; };
		D2359A631AFCA94F001D8E44 /* TableViewExportTests.xctest */ = {isa = PBXFileReference; explicitFileType = wrapper.cfbundle; includeInIndex = 0; path = TableViewExportTests.xctest; sourceTree = BUILT_PRODUCTS_DIR; };
		D2359A681AFCA94F001D8E44 /* Info.plist */ = {isa = PBXFileReference; lastKnownFileType = text.plist.xml; path = Info.plist; sourceTree = "<group>"; };
		D2359A691AFCA94F001D8E44 /* TableViewExportTests.m */ = {isa = PBXFileReference; lastKnownFileType = sourcecode.c.objc; path = TableViewExportTests.m; sourceTree = "<group>"; };
		D2359A751AFE0274001D8E44 /* MainViewController.h */ = {isa = PBXFileReference; fileEncoding = 4; lastKnownFileType = sourcecode.c.h; path = MainViewController.h; sourceTree = "<group>"; };
		D2359A761AFE0274001D8E44 /* MainViewController.m */ = {isa = PBXFileReference; fileEncoding = 4; lastKnownFileType = sourcecode.c.objc; path = MainViewController.m; sourceTree = "<group>"; };
		D2359A781AFE06B3001D8E44 /* TableViewDataSource.h */ = {isa = PBXFileReference; fileEncoding = 4; lastKnownFileType = sourcecode.c.h; path = TableViewDataSource.h; sourceTree = "<group>"; };
		D2359A791AFE06B3001D8E44 /* TableViewDataSource.m */ = {isa = PBXFileReference; fileEncoding = 4; lastKnownFileType = sourcecode.c.objc; path = TableViewDataSource.m; sourceTree = "<group>"; };
		D2359A7B1AFE09D9001D8E44 /* ExportMenu.h */ = {isa = PBXFileReference; fileEncoding = 4; lastKnownFileType = sourcecode.c.h; path = ExportMenu.h; sourceTree = "<group>"; };
		D2359A7C1AFE09D9001D8E44 /* ExportMenu.m */ = {isa = PBXFileReference; fileEncoding = 4; lastKnownFileType = sourcecode.c.objc; path = ExportMenu.m; sourceTree = "<group>"; };
/* End PBXFileReference section */

/* Begin PBXFrameworksBuildPhase section */
		D2359A4D1AFCA94F001D8E44 /* Frameworks */ = {
			isa = PBXFrameworksBuildPhase;
			buildActionMask = 2147483647;
			files = (
			);
			runOnlyForDeploymentPostprocessing = 0;
		};
		D2359A601AFCA94F001D8E44 /* Frameworks */ = {
			isa = PBXFrameworksBuildPhase;
			buildActionMask = 2147483647;
			files = (
			);
			runOnlyForDeploymentPostprocessing = 0;
		};
/* End PBXFrameworksBuildPhase section */

/* Begin PBXGroup section */
		D2359A471AFCA94F001D8E44 = {
			isa = PBXGroup;
			children = (
				D2359A521AFCA94F001D8E44 /* TableViewExport */,
				D2359A661AFCA94F001D8E44 /* TableViewExportTests */,
				D2359A511AFCA94F001D8E44 /* Products */,
			);
			sourceTree = "<group>";
		};
		D2359A511AFCA94F001D8E44 /* Products */ = {
			isa = PBXGroup;
			children = (
				D2359A501AFCA94F001D8E44 /* TableViewExport.app */,
				D2359A631AFCA94F001D8E44 /* TableViewExportTests.xctest */,
			);
			name = Products;
			sourceTree = "<group>";
		};
		D2359A521AFCA94F001D8E44 /* TableViewExport */ = {
			isa = PBXGroup;
			children = (
				D2359A781AFE06B3001D8E44 /* TableViewDataSource.h */,
				D2359A791AFE06B3001D8E44 /* TableViewDataSource.m */,
				D2359A551AFCA94F001D8E44 /* AppDelegate.h */,
				D2359A561AFCA94F001D8E44 /* AppDelegate.m */,
				D2359A5A1AFCA94F001D8E44 /* Images.xcassets */,
				D2359A5C1AFCA94F001D8E44 /* MainMenu.xib */,
				D2359A531AFCA94F001D8E44 /* Supporting Files */,
				D2359A751AFE0274001D8E44 /* MainViewController.h */,
				D2359A761AFE0274001D8E44 /* MainViewController.m */,
				D2359A7B1AFE09D9001D8E44 /* ExportMenu.h */,
				D2359A7C1AFE09D9001D8E44 /* ExportMenu.m */,
			);
			path = TableViewExport;
			sourceTree = "<group>";
		};
		D2359A531AFCA94F001D8E44 /* Supporting Files */ = {
			isa = PBXGroup;
			children = (
				D2359A541AFCA94F001D8E44 /* Info.plist */,
				D2359A581AFCA94F001D8E44 /* main.m */,
			);
			name = "Supporting Files";
			sourceTree = "<group>";
		};
		D2359A661AFCA94F001D8E44 /* TableViewExportTests */ = {
			isa = PBXGroup;
			children = (
				D2359A691AFCA94F001D8E44 /* TableViewExportTests.m */,
				D2359A671AFCA94F001D8E44 /* Supporting Files */,
			);
			path = TableViewExportTests;
			sourceTree = "<group>";
		};
		D2359A671AFCA94F001D8E44 /* Supporting Files */ = {
			isa = PBXGroup;
			children = (
				D2359A681AFCA94F001D8E44 /* Info.plist */,
			);
			name = "Supporting Files";
			sourceTree = "<group>";
		};
/* End PBXGroup section */

/* Begin PBXNativeTarget section */
		D2359A4F1AFCA94F001D8E44 /* TableViewExport */ = {
			isa = PBXNativeTarget;
			buildConfigurationList = D2359A6D1AFCA94F001D8E44 /* Build configuration list for PBXNativeTarget "TableViewExport" */;
			buildPhases = (
				D2359A4C1AFCA94F001D8E44 /* Sources */,
				D2359A4D1AFCA94F001D8E44 /* Frameworks */,
				D2359A4E1AFCA94F001D8E44 /* Resources */,
			);
			buildRules = (
			);
			dependencies = (
			);
			name = TableViewExport;
			productName = TableViewExport;
			productReference = D2359A501AFCA94F001D8E44 /* TableViewExport.app */;
			productType = "com.apple.product-type.application";
		};
		D2359A621AFCA94F001D8E44 /* TableViewExportTests */ = {
			isa = PBXNativeTarget;
			buildConfigurationList = D2359A701AFCA94F001D8E44 /* Build configuration list for PBXNativeTarget "TableViewExportTests" */;
			buildPhases = (
				D2359A5F1AFCA94F001D8E44 /* Sources */,
				D2359A601AFCA94F001D8E44 /* Frameworks */,
				D2359A611AFCA94F001D8E44 /* Resources */,
			);
			buildRules = (
			);
			dependencies = (
				D2359A651AFCA94F001D8E44 /* PBXTargetDependency */,
			);
			name = TableViewExportTests;
			productName = TableViewExportTests;
			productReference = D2359A631AFCA94F001D8E44 /* TableViewExportTests.xctest */;
			productType = "com.apple.product-type.bundle.unit-test";
		};
/* End PBXNativeTarget section */

/* Begin PBXProject section */
		D2359A481AFCA94F001D8E44 /* Project object */ = {
			isa = PBXProject;
			attributes = {
				LastUpgradeCheck = 0630;
				ORGANIZATIONNAME = isee15;
				TargetAttributes = {
					D2359A4F1AFCA94F001D8E44 = {
						CreatedOnToolsVersion = 6.3;
					};
					D2359A621AFCA94F001D8E44 = {
						CreatedOnToolsVersion = 6.3;
						TestTargetID = D2359A4F1AFCA94F001D8E44;
					};
				};
			};
			buildConfigurationList = D2359A4B1AFCA94F001D8E44 /* Build configuration list for PBXProject "TableViewExport" */;
			compatibilityVersion = "Xcode 3.2";
			developmentRegion = English;
			hasScannedForEncodings = 0;
			knownRegions = (
				en,
				Base,
			);
			mainGroup = D2359A471AFCA94F001D8E44;
			productRefGroup = D2359A511AFCA94F001D8E44 /* Products */;
			projectDirPath = "";
			projectRoot = "";
			targets = (
				D2359A4F1AFCA94F001D8E44 /* TableViewExport */,
				D2359A621AFCA94F001D8E44 /* TableViewExportTests */,
			);
		};
/* End PBXProject section */

/* Begin PBXResourcesBuildPhase section */
		D2359A4E1AFCA94F001D8E44 /* Resources */ = {
			isa = PBXResourcesBuildPhase;
			buildActionMask = 2147483647;
			files = (
				D2359A5B1AFCA94F001D8E44 /* Images.xcassets in Resources */,
				D2359A5E1AFCA94F001D8E44 /* MainMenu.xib in Resources */,
			);
			runOnlyForDeploymentPostprocessing = 0;
		};
		D2359A611AFCA94F001D8E44 /* Resources */ = {
			isa = PBXResourcesBuildPhase;
			buildActionMask = 2147483647;
			files = (
			);
			runOnlyForDeploymentPostprocessing = 0;
		};
/* End PBXResourcesBuildPhase section */

/* Begin PBXSourcesBuildPhase section */
		D2359A4C1AFCA94F001D8E44 /* Sources */ = {
			isa = PBXSourcesBuildPhase;
			buildActionMask = 2147483647;
			files = (
				D2359A591AFCA94F001D8E44 /* main.m in Sources */,
				D2359A771AFE0274001D8E44 /* MainViewController.m in Sources */,
				D2359A7A1AFE06B4001D8E44 /* TableViewDataSource.m in Sources */,
				D2359A571AFCA94F001D8E44 /* AppDelegate.m in Sources */,
				D2359A7D1AFE09D9001D8E44 /* ExportMenu.m in Sources */,
			);
			runOnlyForDeploymentPostprocessing = 0;
		};
		D2359A5F1AFCA94F001D8E44 /* Sources */ = {
			isa = PBXSourcesBuildPhase;
			buildActionMask = 2147483647;
			files = (
				D2359A6A1AFCA94F001D8E44 /* TableViewExportTests.m in Sources */,
			);
			runOnlyForDeploymentPostprocessing = 0;
		};
/* End PBXSourcesBuildPhase section */

/* Begin PBXTargetDependency section */
		D2359A651AFCA94F001D8E44 /* PBXTargetDependency */ = {
			isa = PBXTargetDependency;
			target = D2359A4F1AFCA94F001D8E44 /* TableViewExport */;
			targetProxy = D2359A641AFCA94F001D8E44 /* PBXContainerItemProxy */;
		};
/* End PBXTargetDependency section */

/* Begin PBXVariantGroup section */
		D2359A5C1AFCA94F001D8E44 /* MainMenu.xib */ = {
			isa = PBXVariantGroup;
			children = (
				D2359A5D1AFCA94F001D8E44 /* Base */,
			);
			name = MainMenu.xib;
			sourceTree = "<group>";
		};
/* End PBXVariantGroup section */

/* Begin XCBuildConfiguration section */
		D2359A6B1AFCA94F001D8E44 /* Debug */ = {
			isa = XCBuildConfiguration;
			buildSettings = {
				ALWAYS_SEARCH_USER_PATHS = NO;
				CLANG_CXX_LANGUAGE_STANDARD = "gnu++0x";
				CLANG_CXX_LIBRARY = "libc++";
				CLANG_ENABLE_MODULES = YES;
				CLANG_ENABLE_OBJC_ARC = YES;
				CLANG_WARN_BOOL_CONVERSION = YES;
				CLANG_WARN_CONSTANT_CONVERSION = YES;
				CLANG_WARN_DIRECT_OBJC_ISA_USAGE = YES_ERROR;
				CLANG_WARN_EMPTY_BODY = YES;
				CLANG_WARN_ENUM_CONVERSION = YES;
				CLANG_WARN_INT_CONVERSION = YES;
				CLANG_WARN_OBJC_ROOT_CLASS = YES_ERROR;
				CLANG_WARN_UNREACHABLE_CODE = YES;
				CLANG_WARN__DUPLICATE_METHOD_MATCH = YES;
				CODE_SIGN_IDENTITY = "-";
				COPY_PHASE_STRIP = NO;
				DEBUG_INFORMATION_FORMAT = dwarf;
				ENABLE_STRICT_OBJC_MSGSEND = YES;
				GCC_C_LANGUAGE_STANDARD = gnu99;
				GCC_DYNAMIC_NO_PIC = NO;
				GCC_NO_COMMON_BLOCKS = YES;
				GCC_OPTIMIZATION_LEVEL = 0;
				GCC_PREPROCESSOR_DEFINITIONS = (
					"DEBUG=1",
					"$(inherited)",
				);
				GCC_SYMBOLS_PRIVATE_EXTERN = NO;
				GCC_WARN_64_TO_32_BIT_CONVERSION = YES;
				GCC_WARN_ABOUT_RETURN_TYPE = YES_ERROR;
				GCC_WARN_UNDECLARED_SELECTOR = YES;
				GCC_WARN_UNINITIALIZED_AUTOS = YES_AGGRESSIVE;
				GCC_WARN_UNUSED_FUNCTION = YES;
				GCC_WARN_UNUSED_VARIABLE = YES;
				MACOSX_DEPLOYMENT_TARGET = 10.10;
				MTL_ENABLE_DEBUG_INFO = YES;
				ONLY_ACTIVE_ARCH = YES;
				SDKROOT = macosx;
			};
			name = Debug;
		};
		D2359A6C1AFCA94F001D8E44 /* Release */ = {
			isa = XCBuildConfiguration;
			buildSettings = {
				ALWAYS_SEARCH_USER_PATHS = NO;
				CLANG_CXX_LANGUAGE_STANDARD = "gnu++0x";
				CLANG_CXX_LIBRARY = "libc++";
				CLANG_ENABLE_MODULES = YES;
				CLANG_ENABLE_OBJC_ARC = YES;
				CLANG_WARN_BOOL_CONVERSION = YES;
				CLANG_WARN_CONSTANT_CONVERSION = YES;
				CLANG_WARN_DIRECT_OBJC_ISA_USAGE = YES_ERROR;
				CLANG_WARN_EMPTY_BODY = YES;
				CLANG_WARN_ENUM_CONVERSION = YES;
				CLANG_WARN_INT_CONVERSION = YES;
				CLANG_WARN_OBJC_ROOT_CLASS = YES_ERROR;
				CLANG_WARN_UNREACHABLE_CODE = YES;
				CLANG_WARN__DUPLICATE_METHOD_MATCH = YES;
				CODE_SIGN_IDENTITY = "-";
				COPY_PHASE_STRIP = NO;
				DEBUG_INFORMATION_FORMAT = "dwarf-with-dsym";
				ENABLE_NS_ASSERTIONS = NO;
				ENABLE_STRICT_OBJC_MSGSEND = YES;
				GCC_C_LANGUAGE_STANDARD = gnu99;
				GCC_NO_COMMON_BLOCKS = YES;
				GCC_WARN_64_TO_32_BIT_CONVERSION = YES;
				GCC_WARN_ABOUT_RETURN_TYPE = YES_ERROR;
				GCC_WARN_UNDECLARED_SELECTOR = YES;
				GCC_WARN_UNINITIALIZED_AUTOS = YES_AGGRESSIVE;
				GCC_WARN_UNUSED_FUNCTION = YES;
				GCC_WARN_UNUSED_VARIABLE = YES;
				MACOSX_DEPLOYMENT_TARGET = 10.10;
				MTL_ENABLE_DEBUG_INFO = NO;
				SDKROOT = macosx;
			};
			name = Release;
		};
		D2359A6E1AFCA94F001D8E44 /* Debug */ = {
			isa = XCBuildConfiguration;
			buildSettings = {
				ASSETCATALOG_COMPILER_APPICON_NAME = AppIcon;
				COMBINE_HIDPI_IMAGES = YES;
				INFOPLIST_FILE = TableViewExport/Info.plist;
				LD_RUNPATH_SEARCH_PATHS = "$(inherited) @executable_path/../Frameworks";
				PRODUCT_NAME = "$(TARGET_NAME)";
			};
			name = Debug;
		};
		D2359A6F1AFCA94F001D8E44 /* Release */ = {
			isa = XCBuildConfiguration;
			buildSettings = {
				ASSETCATALOG_COMPILER_APPICON_NAME = AppIcon;
				COMBINE_HIDPI_IMAGES = YES;
				INFOPLIST_FILE = TableViewExport/Info.plist;
				LD_RUNPATH_SEARCH_PATHS = "$(inherited) @executable_path/../Frameworks";
				PRODUCT_NAME = "$(TARGET_NAME)";
			};
			name = Release;
		};
		D2359A711AFCA94F001D8E44 /* Debug */ = {
			isa = XCBuildConfiguration;
			buildSettings = {
				BUNDLE_LOADER = "$(TEST_HOST)";
				COMBINE_HIDPI_IMAGES = YES;
				FRAMEWORK_SEARCH_PATHS = (
					"$(DEVELOPER_FRAMEWORKS_DIR)",
					"$(inherited)",
				);
				GCC_PREPROCESSOR_DEFINITIONS = (
					"DEBUG=1",
					"$(inherited)",
				);
				INFOPLIST_FILE = TableViewExportTests/Info.plist;
				LD_RUNPATH_SEARCH_PATHS = "$(inherited) @executable_path/../Frameworks @loader_path/../Frameworks";
				PRODUCT_NAME = "$(TARGET_NAME)";
				TEST_HOST = "$(BUILT_PRODUCTS_DIR)/TableViewExport.app/Contents/MacOS/TableViewExport";
			};
			name = Debug;
		};
		D2359A721AFCA94F001D8E44 /* Release */ = {
			isa = XCBuildConfiguration;
			buildSettings = {
				BUNDLE_LOADER = "$(TEST_HOST)";
				COMBINE_HIDPI_IMAGES = YES;
				FRAMEWORK_SEARCH_PATHS = (
					"$(DEVELOPER_FRAMEWORKS_DIR)",
					"$(inherited)",
				);
				INFOPLIST_FILE = TableViewExportTests/Info.plist;
				LD_RUNPATH_SEARCH_PATHS = "$(inherited) @executable_path/../Frameworks @loader_path/../Frameworks";
				PRODUCT_NAME = "$(TARGET_NAME)";
				TEST_HOST = "$(BUILT_PRODUCTS_DIR)/TableViewExport.app/Contents/MacOS/TableViewExport";
			};
			name = Release;
		};
/* End XCBuildConfiguration section */

/* Begin XCConfigurationList section */
		D2359A4B1AFCA94F001D8E44 /* Build configuration list for PBXProject "TableViewExport" */ = {
			isa = XCConfigurationList;
			buildConfigurations = (
				D2359A6B1AFCA94F001D8E44 /* Debug */,
				D2359A6C1AFCA94F001D8E44 /* Release */,
			);
			defaultConfigurationIsVisible = 0;
			defaultConfigurationName = Release;
		};
		D2359A6D1AFCA94F001D8E44 /* Build configuration list for PBXNativeTarget "TableViewExport" */ = {
			isa = XCConfigurationList;
			buildConfigurations = (
				D2359A6E1AFCA94F001D8E44 /* Debug */,
				D2359A6F1AFCA94F001D8E44 /* Release */,
			);
			defaultConfigurationIsVisible = 0;
		};
		D2359A701AFCA94F001D8E44 /* Build configuration list for PBXNativeTarget "TableViewExportTests" */ = {
			isa = XCConfigurationList;
			buildConfigurations = (
				D2359A711AFCA94F001D8E44 /* Debug */,
				D2359A721AFCA94F001D8E44 /* Release */,
			);
			defaultConfigurationIsVisible = 0;
		};
/* End XCConfigurationList section */
	};
	rootObject = D2359A481AFCA94F001D8E44 /* Project object */;
}
